
Microsoft Visual Studio Solution File, Format Version 12.00
# Visual Studio Version 17
VisualStudioVersion = 17.14.37614.0 d17.14
MinimumVisualStudioVersion = 10.0.40219.1
Project("{2150E333-8FDC-42A3-9474-1A3956D46DE8}") = "Task0", "Task0", "{02EA681E-C7D8-13C7-8484-4AC65E1B71E8}"
EndProject
Project("{FAE04EC0-301F-11D3-BF4B-00C04F79EFBC}") = "Tyuiu.TatarinovDA.Sprint0.Task0.V0", "Tyuiu.TatarinovDA.Sprint0.Task0.V0\Tyuiu.TatarinovDA.Sprint0.Task0.V0.csproj", "{F0BE3C4E-4014-4A5C-867C-60ABDB7C090F}"
EndProject
Project("{2150E333-8FDC-42A3-9474-1A3956D46DE8}") = "Task1", "Task1", "{0836E6C9-13F9-4FD8-B1C8-893EF31F9848}"
EndProject
Project("{FAE04EC0-301F-11D3-BF4B-00C04F79EFBC}") = "Tyuiu.TatarinovDA.Sprint0.Task1.V0", "Tyuiu.TatarinovDA.Sprint0.Task1.V0\Tyuiu.TatarinovDA.Sprint0.Task1.V0.csproj", "{811E5D38-B871-4180-A644-9115FA1A0975}"
EndProject
Project("{2150E333-8FDC-42A3-9474-1A3956D46DE8}") = "Task2", "Task2", "{1F5B7608-7C7C-4D42-AD98-2482E4A7F770}"
EndProject
Project("{FAE04EC0-301F-11D3-BF4B-00C04F79EFBC}") = "Tyuiu.TatarinovDA.Sprint0.Task2.V0", "Tyuiu.TatarinovDA.Sprint0.Task2.V0\Tyuiu.TatarinovDA.Sprint0.Task2.V0.csproj", "{97B04789-C201-4A64-BB1A-A367928B347C}"
EndProject
Project("{FAE04EC0-301F-11D3-BF4B-00C04F79EFBC}") = "Tyuiu.TatarinovDA.Sprint0.Task2.V0.Lib", "Tyuiu.TatarinovDA.Sprint0.Task2.V0.Lib\Tyuiu.TatarinovDA.Sprint0.Task2.V0.Lib.csproj", "{9390062F-93DC-4942-A907-B73D7142BE09}"
EndProject
Project("{FAE04EC0-301F-11D3-BF4B-00C04F79EFBC}") = "Tyuiu.TatarinovDA.Sprint0.Task2.V0.Test", "Tyuiu.TatarinovDA.Sprint0.Task2.V0.Test\Tyuiu.TatarinovDA.Sprint0.Task2.V0.Test.csproj", "{105FFA2D-6707-4923-B64D-420C76417B9C}"
EndProject
Project("{2150E333-8FDC-42A3-9474-1A3956D46DE8}") = "Task3", "Task3", "{235B2CBA-B57D-4620-8554-C1D3A922CBDC}"
EndProject
Project("{FAE04EC0-301F-11D3-BF4B-00C04F79EFBC}") = "Tyuiu.TatarinovDA.Sprint0.Task3.V0", "Tyuiu.TatarinovDA.Sprint0.Task3.V0\Tyuiu.TatarinovDA.Sprint0.Task3.V0.csproj", "{181D424E-C16E-4DA9-A234-8ABFE96E5DAD}"
EndProject
Project("{FAE04EC0-301F-11D3-BF4B-00C04F79EFBC}") = "Tyuiu.TatarinovDA.Sprint0.Task3.V0.Lib", "Tyuiu.TatarinovDA.Sprint0.Task3.V0.Lib\Tyuiu.TatarinovDA.Sprint0.Task3.V0.Lib.csproj", "{CF038F7A-B5A4-4DB5-B91A-902F00539A62}"
EndProject
Project("{FAE04EC0-301F-11D3-BF4B-00C04F79EFBC}") = "Tyuiu.TatarinovDA.Sprint0.Task3.V0.Test", "Tyuiu.TatarinovDA.Sprint0.Task3.V0.Test\Tyuiu.TatarinovDA.Sprint0.Task3.V0.Test.csproj", "{8EEFA69F-2C8F-4150-B7D6-B874FDBD17DA}"
EndProject
Global
	GlobalSection(SolutionConfigurationPlatforms) = preSolution
		Debug|Any CPU = Debug|Any CPU
		Release|Any CPU = Release|Any CPU
	EndGlobalSection
	GlobalSection(ProjectConfigurationPlatforms) = postSolution
		{F0BE3C4E-4014-4A5C-867C-60ABDB7C090F}.Debug|Any CPU.ActiveCfg = Debug|Any CPU
		{F0BE3C4E-4014-4A5C-867C-60ABDB7C090F}.Debug|Any CPU.Build.0 = Debug|Any CPU
		{F0BE3C4E-4014-4A5C-867C-60ABDB7C090F}.Release|Any CPU.ActiveCfg = Release|Any CPU
		{F0BE3C4E-4014-4A5C-867C-60ABDB7C090F}.Release|Any CPU.Build.0 = Release|Any CPU
		{811E5D38-B871-4180-A644-9115FA1A0975}.Debug|Any CPU.ActiveCfg = Debug|Any CPU
		{811E5D38-B871-4180-A644-9115FA1A0975}.Debug|Any CPU.Build.0 = Debug|Any CPU
		{811E5D38-B871-4180-A644-9115FA1A0975}.Release|Any CPU.ActiveCfg = Release|Any CPU
		{811E5D38-B871-4180-A644-9115FA1A0975}.Release|Any CPU.Build.0 = Release|Any CPU
		{97B04789-C201-4A64-BB1A-A367928B347C}.Debug|Any CPU.ActiveCfg = Debug|Any CPU
		{97B04789-C201-4A64-BB1A-A367928B347C}.Debug|Any CPU.Build.0 = Debug|Any CPU
		{97B04789-C201-4A64-BB1A-A367928B347C}.Release|Any CPU.ActiveCfg = Release|Any CPU
		{97B04789-C201-4A64-BB1A-A367928B347C}.Release|Any CPU.Build.0 = Release|Any CPU
		{9390062F-93DC-4942-A907-B73D7142BE09}.Debug|Any CPU.ActiveCfg = Debug|Any CPU
		{9390062F-93DC-4942-A907-B73D7142BE09}.Debug|Any CPU.Build.0 = Debug|Any CPU
		{9390062F-93DC-4942-A907-B73D7142BE09}.Release|Any CPU.ActiveCfg = Release|Any CPU
		{9390062F-93DC-4942-A907-B73D7142BE09}.Release|Any CPU.Build.0 = Release|Any CPU
		{105FFA2D-6707-4923-B64D-420C76417B9C}.Debug|Any CPU.ActiveCfg = Debug|Any CPU
		{105FFA2D-6707-4923-B64D-420C76417B9C}.Debug|Any CPU.Build.0 = Debug|Any CPU
		{105FFA2D-6707-4923-B64D-420C76417B9C}.Release|Any CPU.ActiveCfg = Release|Any CPU
		{105FFA2D-6707-4923-B64D-420C76417B9C}.Release|Any CPU.Build.0 = Release|Any CPU
		{181D424E-C16E-4DA9-A234-8ABFE96E5DAD}.Debug|Any CPU.ActiveCfg = Debug|Any CPU
		{181D424E-C16E-4DA9-A234-8ABFE96E5DAD}.Debug|Any CPU.Build.0 = Debug|Any CPU
		{181D424E-C16E-4DA9-A234-8ABFE96E5DAD}.Release|Any CPU.ActiveCfg = Release|Any CPU
		{181D424E-C16E-4DA9-A234-8ABFE96E5DAD}.Release|Any CPU.Build.0 = Release|Any CPU
		{CF038F7A-B5A4-4DB5-B91A-902F00539A62}.Debug|Any CPU.ActiveCfg = Debug|Any CPU
		{CF038F7A-B5A4-4DB5-B91A-902F00539A62}.Debug|Any CPU.Build.0 = Debug|Any CPU
		{CF038F7A-B5A4-4DB5-B91A-902F00539A62}.Release|Any CPU.ActiveCfg = Release|Any CPU
		{CF038F7A-B5A4-4DB5-B91A-902F00539A62}.Release|Any CPU.Build.0 = Release|Any CPU
		{8EEFA69F-2C8F-4150-B7D6-B874FDBD17DA}.Debug|Any CPU.ActiveCfg = Debug|Any CPU
		{8EEFA69F-2C8F-4150-B7D6-B874FDBD17DA}.Debug|Any CPU.Build.0 = Debug|Any CPU
		{8EEFA69F-2C8F-4150-B7D6-B874FDBD17DA}.Release|Any CPU.ActiveCfg = Release|Any CPU
		{8EEFA69F-2C8F-4150-B7D6-B874FDBD17DA}.Release|Any CPU.Build.0 = Release|Any CPU
	EndGlobalSection
	GlobalSection(SolutionProperties) = preSolution
		HideSolutionNode = FALSE
	EndGlobalSection
	GlobalSection(NestedProjects) = preSolution
		{F0BE3C4E-4014-4A5C-867C-60ABDB7C090F} = {02EA681E-C7D8-13C7-8484-4AC65E1B71E8}
		{811E5D38-B871-4180-A644-9115FA1A0975} = {0836E6C9-13F9-4FD8-B1C8-893EF31F9848}
		{97B04789-C201-4A64-BB1A-A367928B347C} = {1F5B7608-7C7C-4D42-AD98-2482E4A7F770}
		{9390062F-93DC-4942-A907-B73D7142BE09} = {1F5B7608-7C7C-4D42-AD98-2482E4A7F770}
		{105FFA2D-6707-4923-B64D-420C76417B9C} = {1F5B7608-7C7C-4D42-AD98-2482E4A7F770}
		{181D424E-C16E-4DA9-A234-8ABFE96E5DAD} = {235B2CBA-B57D-4620-8554-C1D3A922CBDC}
		{CF038F7A-B5A4-4DB5-B91A-902F00539A62} = {235B2CBA-B57D-4620-8554-C1D3A922CBDC}
		{8EEFA69F-2C8F-4150-B7D6-B874FDBD17DA} = {235B2CBA-B57D-4620-8554-C1D3A922CBDC}
	EndGlobalSection
	GlobalSection(ExtensibilityGlobals) = postSolution
		SolutionGuid = {00A51589-AA5C-45E7-BDBF-C6092115CDA5}
	EndGlobalSection
EndGlobal
